
Microsoft Visual Studio Solution File, Format Version 12.00
# Visual Studio Version 16
VisualStudioVersion = 16.0.33214.272
MinimumVisualStudioVersion = 10.0.40219.1
Project("{F2A71F9B-5D33-465A-A702-920D77279786}") = "WebApplication1", "WebApplication1\WebApplication1.fsproj", "{537ACCA5-679C-4246-B031-4841330D8FC6}"
EndProject
Global
	GlobalSection(SolutionConfigurationPlatforms) = preSolution
		Debug|Any CPU = Debug|Any CPU
		Release|Any CPU = Release|Any CPU
	EndGlobalSection
	GlobalSection(ProjectConfigurationPlatforms) = postSolution
		{537ACCA5-679C-4246-B031-4841330D8FC6}.Debug|Any CPU.ActiveCfg = Debug|Any CPU
		{537ACCA5-679C-4246-B031-4841330D8FC6}.Debug|Any CPU.Build.0 = Debug|Any CPU
		{537ACCA5-679C-4246-B031-4841330D8FC6}.Release|Any CPU.ActiveCfg = Release|Any CPU
		{537ACCA5-679C-4246-B031-4841330D8FC6}.Release|Any CPU.Build.0 = Release|Any CPU
	EndGlobalSection
	GlobalSection(SolutionProperties) = preSolution
		HideSolutionNode = FALSE
	EndGlobalSection
	GlobalSection(ExtensibilityGlobals) = postSolution
		SolutionGuid = {A4451A77-67FA-4523-9F15-9B782DA5CB73}
	EndGlobalSection
EndGlobal
